
Microsoft Visual Studio Solution File, Format Version 12.00
# Visual Studio 15
VisualStudioVersion = 15.0.28307.168
MinimumVisualStudioVersion = 10.0.40219.1
Project("{FAE04EC0-301F-11D3-BF4B-00C04F79EFBC}") = "CsvVeiculosExcecao", "CsvVeiculosExcecao\CsvVeiculosExcecao.csproj", "{EF1DF57A-4471-48A6-872F-DB8FF2F92972}"
EndProject
Global
	GlobalSection(SolutionConfigurationPlatforms) = preSolution
		Debug|Any CPU = Debug|Any CPU
		Release|Any CPU = Release|Any CPU
	EndGlobalSection
	GlobalSection(ProjectConfigurationPlatforms) = postSolution
		{EF1DF57A-4471-48A6-872F-DB8FF2F92972}.Debug|Any CPU.ActiveCfg = Debug|Any CPU
		{EF1DF57A-4471-48A6-872F-DB8FF2F92972}.Debug|Any CPU.Build.0 = Debug|Any CPU
		{EF1DF57A-4471-48A6-872F-DB8FF2F92972}.Release|Any CPU.ActiveCfg = Release|Any CPU
		{EF1DF57A-4471-48A6-872F-DB8FF2F92972}.Release|Any CPU.Build.0 = Release|Any CPU
	EndGlobalSection
	GlobalSection(SolutionProperties) = preSolution
		HideSolutionNode = FALSE
	EndGlobalSection
	GlobalSection(ExtensibilityGlobals) = postSolution
		SolutionGuid = {49439965-A01F-4E81-820E-8ABF1927C72E}
	EndGlobalSection
EndGlobal
